
Microsoft Visual Studio Solution File, Format Version 12.00
# Visual Studio Version 17
VisualStudioVersion = 17.7.34024.191
MinimumVisualStudioVersion = 10.0.40219.1
Project("{FAE04EC0-301F-11D3-BF4B-00C04F79EFBC}") = "PZ_9", "PZ_9\PZ_9.csproj", "{BAFD6681-DFB1-49A7-BA9C-D63FD0FA5CCA}"
EndProject
Global
	GlobalSection(SolutionConfigurationPlatforms) = preSolution
		Debug|Any CPU = Debug|Any CPU
		Release|Any CPU = Release|Any CPU
	EndGlobalSection
	GlobalSection(ProjectConfigurationPlatforms) = postSolution
		{BAFD6681-DFB1-49A7-BA9C-D63FD0FA5CCA}.Debug|Any CPU.ActiveCfg = Debug|Any CPU
		{BAFD6681-DFB1-49A7-BA9C-D63FD0FA5CCA}.Debug|Any CPU.Build.0 = Debug|Any CPU
		{BAFD6681-DFB1-49A7-BA9C-D63FD0FA5CCA}.Release|Any CPU.ActiveCfg = Release|Any CPU
		{BAFD6681-DFB1-49A7-BA9C-D63FD0FA5CCA}.Release|Any CPU.Build.0 = Release|Any CPU
	EndGlobalSection
	GlobalSection(SolutionProperties) = preSolution
		HideSolutionNode = FALSE
	EndGlobalSection
	GlobalSection(ExtensibilityGlobals) = postSolution
		SolutionGuid = {90ED0DAA-3DEB-408A-9A4D-0F055462271C}
	EndGlobalSection
EndGlobal
